<Solution>
  <Configurations>
    <Platform Name="Any CPU" />
    <Platform Name="arm64" />
    <Platform Name="x64" />
    <Platform Name="x86" />
  </Configurations>
  <Folder Name="/Build/">
    <File Path="Directory.Build.props" />
    <File Path="Directory.Build.targets" />
    <File Path="eng/Versions.props" />
    <File Path="global.json" />
    <File Path="NuGet.config" />
    <File Path="README.md" />
    <Project Path="eng/Builder/Builder.csproj" />
  </Folder>
  <Folder Name="/Build/GitHub Action/">
    <File Path=".github/workflows/build.yml" />
  </Folder>
  <Folder Name="/Build/WpfArcadeSdk/">
    <File Path="eng/WpfArcadeSdk/SystemResources.props" />
  </Folder>
  <Folder Name="/cycle-breakers/">
    <Project Path="cycle-breakers/PresentationFramework/PresentationFramework-PresentationUI-api-cycle.csproj">
      <Platform Solution="*|Any CPU" Project="x64" />
      <Platform Solution="*|arm64" Project="arm64" />
      <Platform Solution="*|x64" Project="x64" />
    </Project>
    <Project Path="cycle-breakers/PresentationFramework/PresentationFramework-ReachFramework-impl-cycle.csproj">
      <Platform Solution="*|Any CPU" Project="x64" />
      <Platform Solution="*|arm64" Project="arm64" />
      <Platform Solution="*|x64" Project="x64" />
    </Project>
    <Project Path="cycle-breakers/PresentationFramework/PresentationFramework-System.Printing-api-cycle.csproj">
      <Platform Solution="*|Any CPU" Project="x64" />
      <Platform Solution="*|arm64" Project="arm64" />
      <Platform Solution="*|x64" Project="x64" />
    </Project>
    <Project Path="cycle-breakers/PresentationFramework/PresentationFramework-System.Printing-impl-cycle.csproj">
      <Platform Solution="*|Any CPU" Project="x64" />
      <Platform Solution="*|arm64" Project="arm64" />
      <Platform Solution="*|x64" Project="x64" />
    </Project>
    <Project Path="cycle-breakers/PresentationUI/PresentationUI-PresentationFramework-impl-cycle.csproj">
      <Platform Solution="*|Any CPU" Project="x64" />
      <Platform Solution="*|arm64" Project="arm64" />
      <Platform Solution="*|x64" Project="x64" />
    </Project>
    <Project Path="cycle-breakers/ReachFramework/ReachFramework-PresentationFramework-api-cycle.csproj">
      <Platform Solution="*|Any CPU" Project="x64" />
      <Platform Solution="*|arm64" Project="arm64" />
      <Platform Solution="*|x64" Project="x64" />
    </Project>
    <Project Path="cycle-breakers/ReachFramework/ReachFramework-System.Printing-api-cycle.csproj">
      <Platform Solution="*|Any CPU" Project="x64" />
      <Platform Solution="*|arm64" Project="arm64" />
      <Platform Solution="*|x64" Project="x64" />
    </Project>
    <Project Path="cycle-breakers/System.Printing/System.Printing-PresentationFramework-api-cycle.csproj">
      <Platform Solution="*|Any CPU" Project="x64" />
      <Platform Solution="*|arm64" Project="arm64" />
      <Platform Solution="*|x64" Project="x64" />
    </Project>
  </Folder>
  <Folder Name="/src/">
    <Project Path="src/Microsoft.DotNet.Wpf/src/DirectWriteForwarder/DirectWriteForwarder.vcxproj" Id="50a5318f-3b9a-48b9-9615-d5fa9d6d9c3e">
      <Platform Solution="*|arm64" Project="ARM64" />
    </Project>
    <Project Path="src/Microsoft.DotNet.Wpf/src/PresentationBuildTasks/PresentationBuildTasks.csproj">
      <Platform Solution="*|Any CPU" Project="x64" />
      <Platform Solution="*|arm64" Project="arm64" />
      <Platform Solution="*|x64" Project="x64" />
    </Project>
    <Project Path="src/Microsoft.DotNet.Wpf/src/PresentationFramework/PresentationFramework.csproj">
      <Platform Solution="*|Any CPU" Project="x64" />
      <Platform Solution="*|arm64" Project="arm64" />
      <Platform Solution="*|x64" Project="x64" />
    </Project>
    <Project Path="src/Microsoft.DotNet.Wpf/src/PresentationFramework/ref/PresentationFramework-ref.csproj">
      <Platform Solution="*|Any CPU" Project="x64" />
      <Platform Solution="*|arm64" Project="arm64" />
      <Platform Solution="*|x64" Project="x64" />
    </Project>
    <Project Path="src/Microsoft.DotNet.Wpf/src/PresentationUI/PresentationUI.csproj">
      <Platform Solution="*|Any CPU" Project="x64" />
      <Platform Solution="*|arm64" Project="arm64" />
      <Platform Solution="*|x64" Project="x64" />
    </Project>
    <Project Path="src/Microsoft.DotNet.Wpf/src/PresentationUI/ref/PresentationUI-ref.csproj">
      <Platform Solution="*|Any CPU" Project="x64" />
      <Platform Solution="*|arm64" Project="arm64" />
      <Platform Solution="*|x64" Project="x64" />
    </Project>
    <Project Path="src/Microsoft.DotNet.Wpf/src/ReachFramework/ReachFramework.csproj">
      <Platform Solution="*|Any CPU" Project="x64" />
      <Platform Solution="*|arm64" Project="arm64" />
      <Platform Solution="*|x64" Project="x64" />
    </Project>
    <Project Path="src/Microsoft.DotNet.Wpf/src/ReachFramework/ref/ReachFramework-ref.csproj">
      <Platform Solution="*|Any CPU" Project="x64" />
      <Platform Solution="*|arm64" Project="arm64" />
      <Platform Solution="*|x64" Project="x64" />
    </Project>
    <Project Path="src/Microsoft.DotNet.Wpf/src/System.Windows.Controls.Ribbon/System.Windows.Controls.Ribbon.csproj">
      <Platform Solution="*|Any CPU" Project="x64" />
      <Platform Solution="*|arm64" Project="arm64" />
      <Platform Solution="*|x64" Project="x64" />
    </Project>
    <Project Path="src/Microsoft.DotNet.Wpf/src/System.Windows.Controls.Ribbon/ref/System.Windows.Controls.Ribbon-ref.csproj">
      <Platform Solution="*|Any CPU" Project="x64" />
      <Platform Solution="*|arm64" Project="arm64" />
      <Platform Solution="*|x64" Project="x64" />
    </Project>
    <Project Path="src/Microsoft.DotNet.Wpf/src/UIAutomation/UIAutomationProvider/UIAutomationProvider.csproj">
      <Platform Solution="*|Any CPU" Project="x64" />
      <Platform Solution="*|arm64" Project="arm64" />
      <Platform Solution="*|x64" Project="x64" />
    </Project>
    <Project Path="src/Microsoft.DotNet.Wpf/src/UIAutomation/UIAutomationProvider/ref/UIAutomationProvider-ref.csproj">
      <Platform Solution="*|Any CPU" Project="x64" />
      <Platform Solution="*|arm64" Project="arm64" />
      <Platform Solution="*|x64" Project="x64" />
    </Project>
    <Project Path="src/Microsoft.DotNet.Wpf/src/UIAutomation/UIAutomationTypes/UIAutomationTypes.csproj">
      <Platform Solution="*|Any CPU" Project="x64" />
      <Platform Solution="*|arm64" Project="arm64" />
      <Platform Solution="*|x64" Project="x64" />
    </Project>
    <Project Path="src/Microsoft.DotNet.Wpf/src/UIAutomation/UIAutomationTypes/ref/UIAutomationTypes-ref.csproj">
      <Platform Solution="*|Any CPU" Project="x64" />
      <Platform Solution="*|arm64" Project="arm64" />
      <Platform Solution="*|x64" Project="x64" />
    </Project>
    <Project Path="src/Microsoft.DotNet.Wpf/src/WindowsBase/WindowsBase.csproj">
      <Platform Solution="*|Any CPU" Project="x64" />
      <Platform Solution="*|arm64" Project="arm64" />
      <Platform Solution="*|x64" Project="x64" />
    </Project>
    <Project Path="src/Microsoft.DotNet.Wpf/src/WindowsBase/ref/WindowsBase-ref.csproj">
      <Platform Solution="*|Any CPU" Project="x64" />
      <Platform Solution="*|arm64" Project="arm64" />
      <Platform Solution="*|x64" Project="x64" />
    </Project>
  </Folder>
  <Folder Name="/src/PresentationCore/">
    <Project Path="src/Microsoft.DotNet.Wpf/src/PresentationCore/PresentationCore.csproj">
      <Platform Solution="*|Any CPU" Project="x64" />
      <Platform Solution="*|arm64" Project="arm64" />
      <Platform Solution="*|x64" Project="x64" />
    </Project>
    <Project Path="src/Microsoft.DotNet.Wpf/src/PresentationCore/ref/PresentationCore-ref.csproj">
      <Platform Solution="*|Any CPU" Project="x64" />
      <Platform Solution="*|arm64" Project="arm64" />
      <Platform Solution="*|x64" Project="x64" />
    </Project>
  </Folder>
  <Folder Name="/src/Shared/" />
  <Folder Name="/src/Shared/Tracing/">
    <Project Path="src/Microsoft.DotNet.Wpf/src/Shared/Tracing/mcwpf/mcwpf.csproj">
      <Platform Solution="*|Any CPU" Project="x64" />
      <Platform Solution="*|arm64" Project="arm64" />
      <Platform Solution="*|x64" Project="x64" />
    </Project>
  </Folder>
  <Folder Name="/src/System.Printing/">
    <Project Path="src/Microsoft.DotNet.Wpf/src/System.Printing/ref/System.Printing-ref.csproj">
      <Platform Solution="*|Any CPU" Project="x64" />
      <Platform Solution="*|arm64" Project="arm64" />
      <Platform Solution="*|x64" Project="x64" />
    </Project>
  </Folder>
  <Folder Name="/src/System.Windows.Input.Manipulations/">
    <Project Path="src/Microsoft.DotNet.Wpf/src/System.Windows.Input.Manipulations/ref/System.Windows.Input.Manipulations-ref.csproj">
      <Platform Solution="*|Any CPU" Project="x64" />
      <Platform Solution="*|arm64" Project="arm64" />
      <Platform Solution="*|x64" Project="x64" />
    </Project>
    <Project Path="src/Microsoft.DotNet.Wpf/src/System.Windows.Input.Manipulations/System.Windows.Input.Manipulations.csproj">
      <Platform Solution="*|Any CPU" Project="x64" />
      <Platform Solution="*|arm64" Project="arm64" />
      <Platform Solution="*|x64" Project="x64" />
    </Project>
  </Folder>
  <Folder Name="/src/System.Windows.Presentation/">
    <Project Path="src/Microsoft.DotNet.Wpf/src/System.Windows.Presentation/ref/System.Windows.Presentation-ref.csproj">
      <Platform Solution="*|Any CPU" Project="x64" />
      <Platform Solution="*|arm64" Project="arm64" />
      <Platform Solution="*|x64" Project="x64" />
    </Project>
    <Project Path="src/Microsoft.DotNet.Wpf/src/System.Windows.Presentation/System.Windows.Presentation.csproj">
      <Platform Solution="*|Any CPU" Project="x64" />
      <Platform Solution="*|arm64" Project="arm64" />
      <Platform Solution="*|x64" Project="x64" />
    </Project>
  </Folder>
  <Folder Name="/src/System.Xaml/">
    <Project Path="src/Microsoft.DotNet.Wpf/src/System.Xaml/ref/System.Xaml-ref.csproj">
      <Platform Solution="*|Any CPU" Project="x64" />
      <Platform Solution="*|arm64" Project="arm64" />
      <Platform Solution="*|x64" Project="x64" />
    </Project>
    <Project Path="src/Microsoft.DotNet.Wpf/src/System.Xaml/System.Xaml.csproj">
      <Platform Solution="*|Any CPU" Project="x64" />
      <Platform Solution="*|arm64" Project="arm64" />
      <Platform Solution="*|x64" Project="x64" />
    </Project>
  </Folder>
  <Folder Name="/src/Themes/">
    <Project Path="src/Microsoft.DotNet.Wpf/src/Themes/PresentationFramework.Aero/PresentationFramework.Aero.csproj">
      <Platform Solution="*|Any CPU" Project="x64" />
      <Platform Solution="*|arm64" Project="arm64" />
      <Platform Solution="*|x64" Project="x64" />
    </Project>
    <Project Path="src/Microsoft.DotNet.Wpf/src/Themes/PresentationFramework.Aero/ref/PresentationFramework.Aero-ref.csproj">
      <Platform Solution="*|Any CPU" Project="x64" />
      <Platform Solution="*|arm64" Project="arm64" />
      <Platform Solution="*|x64" Project="x64" />
    </Project>
    <Project Path="src/Microsoft.DotNet.Wpf/src/Themes/PresentationFramework.Aero2/PresentationFramework.Aero2.csproj">
      <Platform Solution="*|Any CPU" Project="x64" />
      <Platform Solution="*|arm64" Project="arm64" />
      <Platform Solution="*|x64" Project="x64" />
    </Project>
    <Project Path="src/Microsoft.DotNet.Wpf/src/Themes/PresentationFramework.Aero2/ref/PresentationFramework.Aero2-ref.csproj">
      <Platform Solution="*|Any CPU" Project="x64" />
      <Platform Solution="*|arm64" Project="arm64" />
      <Platform Solution="*|x64" Project="x64" />
    </Project>
    <Project Path="src/Microsoft.DotNet.Wpf/src/Themes/PresentationFramework.AeroLite/PresentationFramework.AeroLite.csproj">
      <Platform Solution="*|Any CPU" Project="x64" />
      <Platform Solution="*|arm64" Project="arm64" />
      <Platform Solution="*|x64" Project="x64" />
    </Project>
    <Project Path="src/Microsoft.DotNet.Wpf/src/Themes/PresentationFramework.AeroLite/ref/PresentationFramework.AeroLite-ref.csproj">
      <Platform Solution="*|Any CPU" Project="x64" />
      <Platform Solution="*|arm64" Project="arm64" />
      <Platform Solution="*|x64" Project="x64" />
    </Project>
    <Project Path="src/Microsoft.DotNet.Wpf/src/Themes/PresentationFramework.Classic/PresentationFramework.Classic.csproj">
      <Platform Solution="*|Any CPU" Project="x64" />
      <Platform Solution="*|arm64" Project="arm64" />
      <Platform Solution="*|x64" Project="x64" />
    </Project>
    <Project Path="src/Microsoft.DotNet.Wpf/src/Themes/PresentationFramework.Classic/ref/PresentationFramework.Classic-ref.csproj">
      <Platform Solution="*|Any CPU" Project="x64" />
      <Platform Solution="*|arm64" Project="arm64" />
      <Platform Solution="*|x64" Project="x64" />
    </Project>
    <Project Path="src/Microsoft.DotNet.Wpf/src/Themes/PresentationFramework.Fluent/PresentationFramework.Fluent.csproj">
      <Platform Solution="*|Any CPU" Project="x64" />
      <Platform Solution="*|arm64" Project="arm64" />
      <Platform Solution="*|x64" Project="x64" />
    </Project>
    <Project Path="src/Microsoft.DotNet.Wpf/src/Themes/PresentationFramework.Fluent/ref/PresentationFramework.Fluent-ref.csproj">
      <Platform Solution="*|Any CPU" Project="x64" />
      <Platform Solution="*|arm64" Project="arm64" />
      <Platform Solution="*|x64" Project="x64" />
    </Project>
    <Project Path="src/Microsoft.DotNet.Wpf/src/Themes/PresentationFramework.Luna/PresentationFramework.Luna.csproj">
      <Platform Solution="*|Any CPU" Project="x64" />
      <Platform Solution="*|arm64" Project="arm64" />
      <Platform Solution="*|x64" Project="x64" />
    </Project>
    <Project Path="src/Microsoft.DotNet.Wpf/src/Themes/PresentationFramework.Luna/ref/PresentationFramework.Luna-ref.csproj">
      <Platform Solution="*|Any CPU" Project="x64" />
      <Platform Solution="*|arm64" Project="arm64" />
      <Platform Solution="*|x64" Project="x64" />
    </Project>
    <Project Path="src/Microsoft.DotNet.Wpf/src/Themes/PresentationFramework.Royale/PresentationFramework.Royale.csproj">
      <Platform Solution="*|Any CPU" Project="x64" />
      <Platform Solution="*|arm64" Project="arm64" />
      <Platform Solution="*|x64" Project="x64" />
    </Project>
    <Project Path="src/Microsoft.DotNet.Wpf/src/Themes/PresentationFramework.Royale/ref/PresentationFramework.Royale-ref.csproj">
      <Platform Solution="*|Any CPU" Project="x64" />
      <Platform Solution="*|arm64" Project="arm64" />
      <Platform Solution="*|x64" Project="x64" />
    </Project>
  </Folder>
  <Folder Name="/src/UIAutomation/">
    <Project Path="src/Microsoft.DotNet.Wpf/src/UIAutomation/UIAutomationClient/UIAutomationClient.csproj">
      <Platform Solution="*|Any CPU" Project="x64" />
      <Platform Solution="*|arm64" Project="arm64" />
      <Platform Solution="*|x64" Project="x64" />
    </Project>
    <Project Path="src/Microsoft.DotNet.Wpf/src/UIAutomation/UIAutomationClient/ref/UIAutomationClient-ref.csproj">
      <Platform Solution="*|Any CPU" Project="x64" />
      <Platform Solution="*|arm64" Project="arm64" />
      <Platform Solution="*|x64" Project="x64" />
    </Project>
    <Project Path="src/Microsoft.DotNet.Wpf/src/UIAutomation/UIAutomationClientSideProviders/UIAutomationClientSideProviders.csproj">
      <Platform Solution="*|Any CPU" Project="x64" />
      <Platform Solution="*|arm64" Project="arm64" />
      <Platform Solution="*|x64" Project="x64" />
    </Project>
    <Project Path="src/Microsoft.DotNet.Wpf/src/UIAutomation/UIAutomationClientSideProviders/ref/UIAutomationClientSideProviders-ref.csproj">
      <Platform Solution="*|Any CPU" Project="x64" />
      <Platform Solution="*|arm64" Project="arm64" />
      <Platform Solution="*|x64" Project="x64" />
    </Project>
  </Folder>
  <Folder Name="/src/WindowsFormsIntegration/">
    <Project Path="src/Microsoft.DotNet.Wpf/src/WindowsFormsIntegration/ref/WindowsFormsIntegration-ref.csproj">
      <Platform Solution="*|Any CPU" Project="x64" />
      <Platform Solution="*|arm64" Project="arm64" />
      <Platform Solution="*|x64" Project="x64" />
    </Project>
    <Project Path="src/Microsoft.DotNet.Wpf/src/WindowsFormsIntegration/WindowsFormsIntegration.csproj">
      <Platform Solution="*|Any CPU" Project="x64" />
      <Platform Solution="*|arm64" Project="arm64" />
      <Platform Solution="*|x64" Project="x64" />
    </Project>
  </Folder>
  <Project Path="Demo/WpfDemo/WpfDemo.csproj">
    <Platform Solution="*|Any CPU" Project="x64" />
    <Platform Solution="*|x64" Project="x64" />
  </Project>
  <Project Path="Docs/Docs.csproj" />
</Solution>
