
Microsoft Visual Studio Solution File, Format Version 12.00
# Visual Studio Version 18
VisualStudioVersion = 18.5.11716.220 stable
MinimumVisualStudioVersion = 10.0.40219.1
Project("{9A19103F-16F7-4668-BE54-9A1E7A4F7556}") = "System.Xaml", "src\Microsoft.DotNet.Wpf\src\System.Xaml\System.Xaml.csproj", "{9AC36357-34B7-40A1-95CA-FE9F46D089A7}"
EndProject
Project("{9A19103F-16F7-4668-BE54-9A1E7A4F7556}") = "WindowsBase", "src\Microsoft.DotNet.Wpf\src\WindowsBase\WindowsBase.csproj", "{FA69991B-9696-42D0-A5C7-F5E73F0DEE9E}"
EndProject
Project("{9A19103F-16F7-4668-BE54-9A1E7A4F7556}") = "WpfDemo", "Demo\WpfDemo\WpfDemo.csproj", "{B1EB6ECF-58DA-498F-9A87-C0EDEBA0187F}"
EndProject
Project("{9A19103F-16F7-4668-BE54-9A1E7A4F7556}") = "System.Windows.Input.Manipulations", "src\Microsoft.DotNet.Wpf\src\System.Windows.Input.Manipulations\System.Windows.Input.Manipulations.csproj", "{EDA525FC-C10E-4652-A0CB-C0034B4932E5}"
EndProject
Project("{9A19103F-16F7-4668-BE54-9A1E7A4F7556}") = "UIAutomationTypes", "src\Microsoft.DotNet.Wpf\src\UIAutomation\UIAutomationTypes\UIAutomationTypes.csproj", "{152C4B33-3B53-4180-B8BC-7BB0BC91A2ED}"
EndProject
Project("{2150E333-8FDC-42A3-9474-1A3956D46DE8}") = "Build", "Build", "{02EA681E-C7D8-13C7-8484-4AC65E1B71E8}"
	ProjectSection(SolutionItems) = preProject
		Directory.Build.props = Directory.Build.props
		Directory.Build.targets = Directory.Build.targets
		global.json = global.json
		NuGet.config = NuGet.config
		README.md = README.md
		eng\Versions.props = eng\Versions.props
	EndProjectSection
EndProject
Project("{2150E333-8FDC-42A3-9474-1A3956D46DE8}") = "WpfArcadeSdk", "WpfArcadeSdk", "{EB1FC3DA-199A-41A0-A6E5-1D1EF66F5D04}"
	ProjectSection(SolutionItems) = preProject
		eng\WpfArcadeSdk\SystemResources.props = eng\WpfArcadeSdk\SystemResources.props
	EndProjectSection
EndProject
Project("{FAE04EC0-301F-11D3-BF4B-00C04F79EFBC}") = "UIAutomationProvider", "src\Microsoft.DotNet.Wpf\src\UIAutomation\UIAutomationProvider\UIAutomationProvider.csproj", "{2B757C0A-C779-F14D-FADA-F0F1A64BD52B}"
EndProject
Project("{8BC9CEB8-8B4A-11D0-8D11-00A0C91BC942}") = "DirectWriteForwarder", "src\Microsoft.DotNet.Wpf\src\DirectWriteForwarder\DirectWriteForwarder.vcxproj", "{50A5318F-3B9A-48B9-9615-D5FA9D6D9C3E}"
EndProject
Project("{FAE04EC0-301F-11D3-BF4B-00C04F79EFBC}") = "Docs", "Docs\Docs.csproj", "{718966AB-D840-C99F-BC8C-757012BE68AA}"
EndProject
Project("{2150E333-8FDC-42A3-9474-1A3956D46DE8}") = "src", "src", "{3EEAB3D1-00BF-4C23-9730-437474138278}"
EndProject
Project("{2150E333-8FDC-42A3-9474-1A3956D46DE8}") = "Microsoft.DotNet.Wpf", "Microsoft.DotNet.Wpf", "{A8A048D9-ED6C-40D2-BC2B-7CAAC812EDA8}"
EndProject
Project("{2150E333-8FDC-42A3-9474-1A3956D46DE8}") = "src", "src", "{3480B202-1769-41A4-8439-574302E93864}"
EndProject
Project("{FAE04EC0-301F-11D3-BF4B-00C04F79EFBC}") = "PresentationCore", "src\Microsoft.DotNet.Wpf\src\PresentationCore\PresentationCore.csproj", "{A1E3661B-4F4A-45AB-A9A9-95D45796A996}"
EndProject
Project("{2150E333-8FDC-42A3-9474-1A3956D46DE8}") = "UIAutomation", "UIAutomation", "{6370CC61-134A-460E-B093-7818FD90226D}"
EndProject
Project("{FAE04EC0-301F-11D3-BF4B-00C04F79EFBC}") = "UIAutomationClient", "src\Microsoft.DotNet.Wpf\src\UIAutomation\UIAutomationClient\UIAutomationClient.csproj", "{2DD6F2F8-DFF4-4EE1-9D48-0FD692DB084D}"
EndProject
Project("{FAE04EC0-301F-11D3-BF4B-00C04F79EFBC}") = "UIAutomationClientSideProviders", "src\Microsoft.DotNet.Wpf\src\UIAutomation\UIAutomationClientSideProviders\UIAutomationClientSideProviders.csproj", "{D242FDF9-F132-4154-BB9F-3F85C39F6F4C}"
EndProject
Project("{FAE04EC0-301F-11D3-BF4B-00C04F79EFBC}") = "WindowsFormsIntegration", "src\Microsoft.DotNet.Wpf\src\WindowsFormsIntegration\WindowsFormsIntegration.csproj", "{C9FA1A46-C9E1-402F-BC07-244C4640C00E}"
EndProject
Global
	GlobalSection(SolutionConfigurationPlatforms) = preSolution
		Debug|Any CPU = Debug|Any CPU
		Debug|arm64 = Debug|arm64
		Debug|x64 = Debug|x64
		Debug|x86 = Debug|x86
		Release|Any CPU = Release|Any CPU
		Release|arm64 = Release|arm64
		Release|x64 = Release|x64
		Release|x86 = Release|x86
	EndGlobalSection
	GlobalSection(ProjectConfigurationPlatforms) = postSolution
		{9AC36357-34B7-40A1-95CA-FE9F46D089A7}.Debug|Any CPU.ActiveCfg = Debug|Any CPU
		{9AC36357-34B7-40A1-95CA-FE9F46D089A7}.Debug|Any CPU.Build.0 = Debug|Any CPU
		{9AC36357-34B7-40A1-95CA-FE9F46D089A7}.Debug|arm64.ActiveCfg = Debug|arm64
		{9AC36357-34B7-40A1-95CA-FE9F46D089A7}.Debug|arm64.Build.0 = Debug|arm64
		{9AC36357-34B7-40A1-95CA-FE9F46D089A7}.Debug|x64.ActiveCfg = Debug|x64
		{9AC36357-34B7-40A1-95CA-FE9F46D089A7}.Debug|x64.Build.0 = Debug|x64
		{9AC36357-34B7-40A1-95CA-FE9F46D089A7}.Debug|x86.ActiveCfg = Debug|Any CPU
		{9AC36357-34B7-40A1-95CA-FE9F46D089A7}.Debug|x86.Build.0 = Debug|Any CPU
		{9AC36357-34B7-40A1-95CA-FE9F46D089A7}.Release|Any CPU.ActiveCfg = Release|Any CPU
		{9AC36357-34B7-40A1-95CA-FE9F46D089A7}.Release|Any CPU.Build.0 = Release|Any CPU
		{9AC36357-34B7-40A1-95CA-FE9F46D089A7}.Release|arm64.ActiveCfg = Release|arm64
		{9AC36357-34B7-40A1-95CA-FE9F46D089A7}.Release|arm64.Build.0 = Release|arm64
		{9AC36357-34B7-40A1-95CA-FE9F46D089A7}.Release|x64.ActiveCfg = Release|x64
		{9AC36357-34B7-40A1-95CA-FE9F46D089A7}.Release|x64.Build.0 = Release|x64
		{9AC36357-34B7-40A1-95CA-FE9F46D089A7}.Release|x86.ActiveCfg = Release|Any CPU
		{9AC36357-34B7-40A1-95CA-FE9F46D089A7}.Release|x86.Build.0 = Release|Any CPU
		{FA69991B-9696-42D0-A5C7-F5E73F0DEE9E}.Debug|Any CPU.ActiveCfg = Debug|Any CPU
		{FA69991B-9696-42D0-A5C7-F5E73F0DEE9E}.Debug|Any CPU.Build.0 = Debug|Any CPU
		{FA69991B-9696-42D0-A5C7-F5E73F0DEE9E}.Debug|arm64.ActiveCfg = Debug|arm64
		{FA69991B-9696-42D0-A5C7-F5E73F0DEE9E}.Debug|arm64.Build.0 = Debug|arm64
		{FA69991B-9696-42D0-A5C7-F5E73F0DEE9E}.Debug|x64.ActiveCfg = Debug|x64
		{FA69991B-9696-42D0-A5C7-F5E73F0DEE9E}.Debug|x64.Build.0 = Debug|x64
		{FA69991B-9696-42D0-A5C7-F5E73F0DEE9E}.Debug|x86.ActiveCfg = Debug|Any CPU
		{FA69991B-9696-42D0-A5C7-F5E73F0DEE9E}.Debug|x86.Build.0 = Debug|Any CPU
		{FA69991B-9696-42D0-A5C7-F5E73F0DEE9E}.Release|Any CPU.ActiveCfg = Release|Any CPU
		{FA69991B-9696-42D0-A5C7-F5E73F0DEE9E}.Release|Any CPU.Build.0 = Release|Any CPU
		{FA69991B-9696-42D0-A5C7-F5E73F0DEE9E}.Release|arm64.ActiveCfg = Release|arm64
		{FA69991B-9696-42D0-A5C7-F5E73F0DEE9E}.Release|arm64.Build.0 = Release|arm64
		{FA69991B-9696-42D0-A5C7-F5E73F0DEE9E}.Release|x64.ActiveCfg = Release|x64
		{FA69991B-9696-42D0-A5C7-F5E73F0DEE9E}.Release|x64.Build.0 = Release|x64
		{FA69991B-9696-42D0-A5C7-F5E73F0DEE9E}.Release|x86.ActiveCfg = Release|Any CPU
		{FA69991B-9696-42D0-A5C7-F5E73F0DEE9E}.Release|x86.Build.0 = Release|Any CPU
		{B1EB6ECF-58DA-498F-9A87-C0EDEBA0187F}.Debug|Any CPU.ActiveCfg = Debug|Any CPU
		{B1EB6ECF-58DA-498F-9A87-C0EDEBA0187F}.Debug|Any CPU.Build.0 = Debug|Any CPU
		{B1EB6ECF-58DA-498F-9A87-C0EDEBA0187F}.Debug|arm64.ActiveCfg = Debug|Any CPU
		{B1EB6ECF-58DA-498F-9A87-C0EDEBA0187F}.Debug|arm64.Build.0 = Debug|Any CPU
		{B1EB6ECF-58DA-498F-9A87-C0EDEBA0187F}.Debug|x64.ActiveCfg = Debug|Any CPU
		{B1EB6ECF-58DA-498F-9A87-C0EDEBA0187F}.Debug|x64.Build.0 = Debug|Any CPU
		{B1EB6ECF-58DA-498F-9A87-C0EDEBA0187F}.Debug|x86.ActiveCfg = Debug|Any CPU
		{B1EB6ECF-58DA-498F-9A87-C0EDEBA0187F}.Debug|x86.Build.0 = Debug|Any CPU
		{B1EB6ECF-58DA-498F-9A87-C0EDEBA0187F}.Release|Any CPU.ActiveCfg = Release|Any CPU
		{B1EB6ECF-58DA-498F-9A87-C0EDEBA0187F}.Release|Any CPU.Build.0 = Release|Any CPU
		{B1EB6ECF-58DA-498F-9A87-C0EDEBA0187F}.Release|arm64.ActiveCfg = Release|Any CPU
		{B1EB6ECF-58DA-498F-9A87-C0EDEBA0187F}.Release|arm64.Build.0 = Release|Any CPU
		{B1EB6ECF-58DA-498F-9A87-C0EDEBA0187F}.Release|x64.ActiveCfg = Release|Any CPU
		{B1EB6ECF-58DA-498F-9A87-C0EDEBA0187F}.Release|x64.Build.0 = Release|Any CPU
		{B1EB6ECF-58DA-498F-9A87-C0EDEBA0187F}.Release|x86.ActiveCfg = Release|Any CPU
		{B1EB6ECF-58DA-498F-9A87-C0EDEBA0187F}.Release|x86.Build.0 = Release|Any CPU
		{EDA525FC-C10E-4652-A0CB-C0034B4932E5}.Debug|Any CPU.ActiveCfg = Debug|Any CPU
		{EDA525FC-C10E-4652-A0CB-C0034B4932E5}.Debug|Any CPU.Build.0 = Debug|Any CPU
		{EDA525FC-C10E-4652-A0CB-C0034B4932E5}.Debug|arm64.ActiveCfg = Debug|arm64
		{EDA525FC-C10E-4652-A0CB-C0034B4932E5}.Debug|arm64.Build.0 = Debug|arm64
		{EDA525FC-C10E-4652-A0CB-C0034B4932E5}.Debug|x64.ActiveCfg = Debug|x64
		{EDA525FC-C10E-4652-A0CB-C0034B4932E5}.Debug|x64.Build.0 = Debug|x64
		{EDA525FC-C10E-4652-A0CB-C0034B4932E5}.Debug|x86.ActiveCfg = Debug|Any CPU
		{EDA525FC-C10E-4652-A0CB-C0034B4932E5}.Debug|x86.Build.0 = Debug|Any CPU
		{EDA525FC-C10E-4652-A0CB-C0034B4932E5}.Release|Any CPU.ActiveCfg = Release|Any CPU
		{EDA525FC-C10E-4652-A0CB-C0034B4932E5}.Release|Any CPU.Build.0 = Release|Any CPU
		{EDA525FC-C10E-4652-A0CB-C0034B4932E5}.Release|arm64.ActiveCfg = Release|arm64
		{EDA525FC-C10E-4652-A0CB-C0034B4932E5}.Release|arm64.Build.0 = Release|arm64
		{EDA525FC-C10E-4652-A0CB-C0034B4932E5}.Release|x64.ActiveCfg = Release|x64
		{EDA525FC-C10E-4652-A0CB-C0034B4932E5}.Release|x64.Build.0 = Release|x64
		{EDA525FC-C10E-4652-A0CB-C0034B4932E5}.Release|x86.ActiveCfg = Release|Any CPU
		{EDA525FC-C10E-4652-A0CB-C0034B4932E5}.Release|x86.Build.0 = Release|Any CPU
		{152C4B33-3B53-4180-B8BC-7BB0BC91A2ED}.Debug|Any CPU.ActiveCfg = Debug|Any CPU
		{152C4B33-3B53-4180-B8BC-7BB0BC91A2ED}.Debug|Any CPU.Build.0 = Debug|Any CPU
		{152C4B33-3B53-4180-B8BC-7BB0BC91A2ED}.Debug|arm64.ActiveCfg = Debug|arm64
		{152C4B33-3B53-4180-B8BC-7BB0BC91A2ED}.Debug|arm64.Build.0 = Debug|arm64
		{152C4B33-3B53-4180-B8BC-7BB0BC91A2ED}.Debug|x64.ActiveCfg = Debug|x64
		{152C4B33-3B53-4180-B8BC-7BB0BC91A2ED}.Debug|x64.Build.0 = Debug|x64
		{152C4B33-3B53-4180-B8BC-7BB0BC91A2ED}.Debug|x86.ActiveCfg = Debug|Any CPU
		{152C4B33-3B53-4180-B8BC-7BB0BC91A2ED}.Debug|x86.Build.0 = Debug|Any CPU
		{152C4B33-3B53-4180-B8BC-7BB0BC91A2ED}.Release|Any CPU.ActiveCfg = Release|Any CPU
		{152C4B33-3B53-4180-B8BC-7BB0BC91A2ED}.Release|Any CPU.Build.0 = Release|Any CPU
		{152C4B33-3B53-4180-B8BC-7BB0BC91A2ED}.Release|arm64.ActiveCfg = Release|arm64
		{152C4B33-3B53-4180-B8BC-7BB0BC91A2ED}.Release|arm64.Build.0 = Release|arm64
		{152C4B33-3B53-4180-B8BC-7BB0BC91A2ED}.Release|x64.ActiveCfg = Release|x64
		{152C4B33-3B53-4180-B8BC-7BB0BC91A2ED}.Release|x64.Build.0 = Release|x64
		{152C4B33-3B53-4180-B8BC-7BB0BC91A2ED}.Release|x86.ActiveCfg = Release|Any CPU
		{152C4B33-3B53-4180-B8BC-7BB0BC91A2ED}.Release|x86.Build.0 = Release|Any CPU
		{2B757C0A-C779-F14D-FADA-F0F1A64BD52B}.Debug|Any CPU.ActiveCfg = Debug|Any CPU
		{2B757C0A-C779-F14D-FADA-F0F1A64BD52B}.Debug|Any CPU.Build.0 = Debug|Any CPU
		{2B757C0A-C779-F14D-FADA-F0F1A64BD52B}.Debug|arm64.ActiveCfg = Debug|arm64
		{2B757C0A-C779-F14D-FADA-F0F1A64BD52B}.Debug|arm64.Build.0 = Debug|arm64
		{2B757C0A-C779-F14D-FADA-F0F1A64BD52B}.Debug|x64.ActiveCfg = Debug|x64
		{2B757C0A-C779-F14D-FADA-F0F1A64BD52B}.Debug|x64.Build.0 = Debug|x64
		{2B757C0A-C779-F14D-FADA-F0F1A64BD52B}.Debug|x86.ActiveCfg = Debug|Any CPU
		{2B757C0A-C779-F14D-FADA-F0F1A64BD52B}.Debug|x86.Build.0 = Debug|Any CPU
		{2B757C0A-C779-F14D-FADA-F0F1A64BD52B}.Release|Any CPU.ActiveCfg = Release|Any CPU
		{2B757C0A-C779-F14D-FADA-F0F1A64BD52B}.Release|Any CPU.Build.0 = Release|Any CPU
		{2B757C0A-C779-F14D-FADA-F0F1A64BD52B}.Release|arm64.ActiveCfg = Release|arm64
		{2B757C0A-C779-F14D-FADA-F0F1A64BD52B}.Release|arm64.Build.0 = Release|arm64
		{2B757C0A-C779-F14D-FADA-F0F1A64BD52B}.Release|x64.ActiveCfg = Release|x64
		{2B757C0A-C779-F14D-FADA-F0F1A64BD52B}.Release|x64.Build.0 = Release|x64
		{2B757C0A-C779-F14D-FADA-F0F1A64BD52B}.Release|x86.ActiveCfg = Release|Any CPU
		{2B757C0A-C779-F14D-FADA-F0F1A64BD52B}.Release|x86.Build.0 = Release|Any CPU
		{50A5318F-3B9A-48B9-9615-D5FA9D6D9C3E}.Debug|Any CPU.ActiveCfg = Debug|x64
		{50A5318F-3B9A-48B9-9615-D5FA9D6D9C3E}.Debug|Any CPU.Build.0 = Debug|x64
		{50A5318F-3B9A-48B9-9615-D5FA9D6D9C3E}.Debug|arm64.ActiveCfg = Debug|ARM64
		{50A5318F-3B9A-48B9-9615-D5FA9D6D9C3E}.Debug|arm64.Build.0 = Debug|ARM64
		{50A5318F-3B9A-48B9-9615-D5FA9D6D9C3E}.Debug|x64.ActiveCfg = Debug|x64
		{50A5318F-3B9A-48B9-9615-D5FA9D6D9C3E}.Debug|x64.Build.0 = Debug|x64
		{50A5318F-3B9A-48B9-9615-D5FA9D6D9C3E}.Debug|x86.ActiveCfg = Debug|Win32
		{50A5318F-3B9A-48B9-9615-D5FA9D6D9C3E}.Debug|x86.Build.0 = Debug|Win32
		{50A5318F-3B9A-48B9-9615-D5FA9D6D9C3E}.Debug|x86.Deploy.0 = Debug|Win32
		{50A5318F-3B9A-48B9-9615-D5FA9D6D9C3E}.Release|Any CPU.ActiveCfg = Release|x64
		{50A5318F-3B9A-48B9-9615-D5FA9D6D9C3E}.Release|Any CPU.Build.0 = Release|x64
		{50A5318F-3B9A-48B9-9615-D5FA9D6D9C3E}.Release|arm64.ActiveCfg = Release|ARM64
		{50A5318F-3B9A-48B9-9615-D5FA9D6D9C3E}.Release|arm64.Build.0 = Release|ARM64
		{50A5318F-3B9A-48B9-9615-D5FA9D6D9C3E}.Release|x64.ActiveCfg = Release|x64
		{50A5318F-3B9A-48B9-9615-D5FA9D6D9C3E}.Release|x64.Build.0 = Release|x64
		{50A5318F-3B9A-48B9-9615-D5FA9D6D9C3E}.Release|x86.ActiveCfg = Release|Win32
		{50A5318F-3B9A-48B9-9615-D5FA9D6D9C3E}.Release|x86.Build.0 = Release|Win32
		{50A5318F-3B9A-48B9-9615-D5FA9D6D9C3E}.Release|x86.Deploy.0 = Release|Win32
		{718966AB-D840-C99F-BC8C-757012BE68AA}.Debug|Any CPU.ActiveCfg = Debug|Any CPU
		{718966AB-D840-C99F-BC8C-757012BE68AA}.Debug|Any CPU.Build.0 = Debug|Any CPU
		{718966AB-D840-C99F-BC8C-757012BE68AA}.Debug|arm64.ActiveCfg = Debug|Any CPU
		{718966AB-D840-C99F-BC8C-757012BE68AA}.Debug|arm64.Build.0 = Debug|Any CPU
		{718966AB-D840-C99F-BC8C-757012BE68AA}.Debug|x64.ActiveCfg = Debug|Any CPU
		{718966AB-D840-C99F-BC8C-757012BE68AA}.Debug|x64.Build.0 = Debug|Any CPU
		{718966AB-D840-C99F-BC8C-757012BE68AA}.Debug|x86.ActiveCfg = Debug|Any CPU
		{718966AB-D840-C99F-BC8C-757012BE68AA}.Debug|x86.Build.0 = Debug|Any CPU
		{718966AB-D840-C99F-BC8C-757012BE68AA}.Release|Any CPU.ActiveCfg = Release|Any CPU
		{718966AB-D840-C99F-BC8C-757012BE68AA}.Release|Any CPU.Build.0 = Release|Any CPU
		{718966AB-D840-C99F-BC8C-757012BE68AA}.Release|arm64.ActiveCfg = Release|Any CPU
		{718966AB-D840-C99F-BC8C-757012BE68AA}.Release|arm64.Build.0 = Release|Any CPU
		{718966AB-D840-C99F-BC8C-757012BE68AA}.Release|x64.ActiveCfg = Release|Any CPU
		{718966AB-D840-C99F-BC8C-757012BE68AA}.Release|x64.Build.0 = Release|Any CPU
		{718966AB-D840-C99F-BC8C-757012BE68AA}.Release|x86.ActiveCfg = Release|Any CPU
		{718966AB-D840-C99F-BC8C-757012BE68AA}.Release|x86.Build.0 = Release|Any CPU
		{A1E3661B-4F4A-45AB-A9A9-95D45796A996}.Debug|Any CPU.ActiveCfg = Debug|Any CPU
		{A1E3661B-4F4A-45AB-A9A9-95D45796A996}.Debug|Any CPU.Build.0 = Debug|Any CPU
		{A1E3661B-4F4A-45AB-A9A9-95D45796A996}.Debug|arm64.ActiveCfg = Debug|arm64
		{A1E3661B-4F4A-45AB-A9A9-95D45796A996}.Debug|arm64.Build.0 = Debug|arm64
		{A1E3661B-4F4A-45AB-A9A9-95D45796A996}.Debug|x64.ActiveCfg = Debug|x64
		{A1E3661B-4F4A-45AB-A9A9-95D45796A996}.Debug|x64.Build.0 = Debug|x64
		{A1E3661B-4F4A-45AB-A9A9-95D45796A996}.Debug|x86.ActiveCfg = Debug|Any CPU
		{A1E3661B-4F4A-45AB-A9A9-95D45796A996}.Debug|x86.Build.0 = Debug|Any CPU
		{A1E3661B-4F4A-45AB-A9A9-95D45796A996}.Release|Any CPU.ActiveCfg = Release|Any CPU
		{A1E3661B-4F4A-45AB-A9A9-95D45796A996}.Release|Any CPU.Build.0 = Release|Any CPU
		{A1E3661B-4F4A-45AB-A9A9-95D45796A996}.Release|arm64.ActiveCfg = Release|arm64
		{A1E3661B-4F4A-45AB-A9A9-95D45796A996}.Release|arm64.Build.0 = Release|arm64
		{A1E3661B-4F4A-45AB-A9A9-95D45796A996}.Release|x64.ActiveCfg = Release|x64
		{A1E3661B-4F4A-45AB-A9A9-95D45796A996}.Release|x64.Build.0 = Release|x64
		{A1E3661B-4F4A-45AB-A9A9-95D45796A996}.Release|x86.ActiveCfg = Release|Any CPU
		{A1E3661B-4F4A-45AB-A9A9-95D45796A996}.Release|x86.Build.0 = Release|Any CPU
		{2DD6F2F8-DFF4-4EE1-9D48-0FD692DB084D}.Debug|Any CPU.ActiveCfg = Debug|Any CPU
		{2DD6F2F8-DFF4-4EE1-9D48-0FD692DB084D}.Debug|Any CPU.Build.0 = Debug|Any CPU
		{2DD6F2F8-DFF4-4EE1-9D48-0FD692DB084D}.Debug|arm64.ActiveCfg = Debug|arm64
		{2DD6F2F8-DFF4-4EE1-9D48-0FD692DB084D}.Debug|arm64.Build.0 = Debug|arm64
		{2DD6F2F8-DFF4-4EE1-9D48-0FD692DB084D}.Debug|x64.ActiveCfg = Debug|x64
		{2DD6F2F8-DFF4-4EE1-9D48-0FD692DB084D}.Debug|x64.Build.0 = Debug|x64
		{2DD6F2F8-DFF4-4EE1-9D48-0FD692DB084D}.Debug|x86.ActiveCfg = Debug|Any CPU
		{2DD6F2F8-DFF4-4EE1-9D48-0FD692DB084D}.Debug|x86.Build.0 = Debug|Any CPU
		{2DD6F2F8-DFF4-4EE1-9D48-0FD692DB084D}.Release|Any CPU.ActiveCfg = Release|Any CPU
		{2DD6F2F8-DFF4-4EE1-9D48-0FD692DB084D}.Release|Any CPU.Build.0 = Release|Any CPU
		{2DD6F2F8-DFF4-4EE1-9D48-0FD692DB084D}.Release|arm64.ActiveCfg = Release|arm64
		{2DD6F2F8-DFF4-4EE1-9D48-0FD692DB084D}.Release|arm64.Build.0 = Release|arm64
		{2DD6F2F8-DFF4-4EE1-9D48-0FD692DB084D}.Release|x64.ActiveCfg = Release|x64
		{2DD6F2F8-DFF4-4EE1-9D48-0FD692DB084D}.Release|x64.Build.0 = Release|x64
		{2DD6F2F8-DFF4-4EE1-9D48-0FD692DB084D}.Release|x86.ActiveCfg = Release|Any CPU
		{2DD6F2F8-DFF4-4EE1-9D48-0FD692DB084D}.Release|x86.Build.0 = Release|Any CPU
		{D242FDF9-F132-4154-BB9F-3F85C39F6F4C}.Debug|Any CPU.ActiveCfg = Debug|Any CPU
		{D242FDF9-F132-4154-BB9F-3F85C39F6F4C}.Debug|Any CPU.Build.0 = Debug|Any CPU
		{D242FDF9-F132-4154-BB9F-3F85C39F6F4C}.Debug|arm64.ActiveCfg = Debug|arm64
		{D242FDF9-F132-4154-BB9F-3F85C39F6F4C}.Debug|arm64.Build.0 = Debug|arm64
		{D242FDF9-F132-4154-BB9F-3F85C39F6F4C}.Debug|x64.ActiveCfg = Debug|x64
		{D242FDF9-F132-4154-BB9F-3F85C39F6F4C}.Debug|x64.Build.0 = Debug|x64
		{D242FDF9-F132-4154-BB9F-3F85C39F6F4C}.Debug|x86.ActiveCfg = Debug|Any CPU
		{D242FDF9-F132-4154-BB9F-3F85C39F6F4C}.Debug|x86.Build.0 = Debug|Any CPU
		{D242FDF9-F132-4154-BB9F-3F85C39F6F4C}.Release|Any CPU.ActiveCfg = Release|Any CPU
		{D242FDF9-F132-4154-BB9F-3F85C39F6F4C}.Release|Any CPU.Build.0 = Release|Any CPU
		{D242FDF9-F132-4154-BB9F-3F85C39F6F4C}.Release|arm64.ActiveCfg = Release|arm64
		{D242FDF9-F132-4154-BB9F-3F85C39F6F4C}.Release|arm64.Build.0 = Release|arm64
		{D242FDF9-F132-4154-BB9F-3F85C39F6F4C}.Release|x64.ActiveCfg = Release|x64
		{D242FDF9-F132-4154-BB9F-3F85C39F6F4C}.Release|x64.Build.0 = Release|x64
		{D242FDF9-F132-4154-BB9F-3F85C39F6F4C}.Release|x86.ActiveCfg = Release|Any CPU
		{D242FDF9-F132-4154-BB9F-3F85C39F6F4C}.Release|x86.Build.0 = Release|Any CPU
		{C9FA1A46-C9E1-402F-BC07-244C4640C00E}.Debug|Any CPU.ActiveCfg = Debug|Any CPU
		{C9FA1A46-C9E1-402F-BC07-244C4640C00E}.Debug|Any CPU.Build.0 = Debug|Any CPU
		{C9FA1A46-C9E1-402F-BC07-244C4640C00E}.Debug|arm64.ActiveCfg = Debug|arm64
		{C9FA1A46-C9E1-402F-BC07-244C4640C00E}.Debug|arm64.Build.0 = Debug|arm64
		{C9FA1A46-C9E1-402F-BC07-244C4640C00E}.Debug|x64.ActiveCfg = Debug|x64
		{C9FA1A46-C9E1-402F-BC07-244C4640C00E}.Debug|x64.Build.0 = Debug|x64
		{C9FA1A46-C9E1-402F-BC07-244C4640C00E}.Debug|x86.ActiveCfg = Debug|Any CPU
		{C9FA1A46-C9E1-402F-BC07-244C4640C00E}.Debug|x86.Build.0 = Debug|Any CPU
		{C9FA1A46-C9E1-402F-BC07-244C4640C00E}.Release|Any CPU.ActiveCfg = Release|Any CPU
		{C9FA1A46-C9E1-402F-BC07-244C4640C00E}.Release|Any CPU.Build.0 = Release|Any CPU
		{C9FA1A46-C9E1-402F-BC07-244C4640C00E}.Release|arm64.ActiveCfg = Release|arm64
		{C9FA1A46-C9E1-402F-BC07-244C4640C00E}.Release|arm64.Build.0 = Release|arm64
		{C9FA1A46-C9E1-402F-BC07-244C4640C00E}.Release|x64.ActiveCfg = Release|x64
		{C9FA1A46-C9E1-402F-BC07-244C4640C00E}.Release|x64.Build.0 = Release|x64
		{C9FA1A46-C9E1-402F-BC07-244C4640C00E}.Release|x86.ActiveCfg = Release|Any CPU
		{C9FA1A46-C9E1-402F-BC07-244C4640C00E}.Release|x86.Build.0 = Release|Any CPU
	EndGlobalSection
	GlobalSection(SolutionProperties) = preSolution
		HideSolutionNode = FALSE
	EndGlobalSection
	GlobalSection(NestedProjects) = preSolution
		{EB1FC3DA-199A-41A0-A6E5-1D1EF66F5D04} = {02EA681E-C7D8-13C7-8484-4AC65E1B71E8}
		{A8A048D9-ED6C-40D2-BC2B-7CAAC812EDA8} = {3EEAB3D1-00BF-4C23-9730-437474138278}
		{3480B202-1769-41A4-8439-574302E93864} = {A8A048D9-ED6C-40D2-BC2B-7CAAC812EDA8}
		{A1E3661B-4F4A-45AB-A9A9-95D45796A996} = {3480B202-1769-41A4-8439-574302E93864}
		{6370CC61-134A-460E-B093-7818FD90226D} = {3480B202-1769-41A4-8439-574302E93864}
		{2DD6F2F8-DFF4-4EE1-9D48-0FD692DB084D} = {6370CC61-134A-460E-B093-7818FD90226D}
		{D242FDF9-F132-4154-BB9F-3F85C39F6F4C} = {6370CC61-134A-460E-B093-7818FD90226D}
		{C9FA1A46-C9E1-402F-BC07-244C4640C00E} = {3480B202-1769-41A4-8439-574302E93864}
	EndGlobalSection
	GlobalSection(ExtensibilityGlobals) = postSolution
		SolutionGuid = {0BF08449-2860-4DE4-B31E-7B417CCFA3EC}
	EndGlobalSection
EndGlobal
